
Microsoft Visual Studio Solution File, Format Version 12.00
# Visual Studio 15
VisualStudioVersion = 15.0.27130.2020
MinimumVisualStudioVersion = 10.0.40219.1
Project("{8BC9CEB8-8B4A-11D0-8D11-00A0C91BC942}") = "CustomRobot", "CustomRobot\CustomRobot.vcxproj", "{F73C655E-1FBB-4811-A2B5-A5EFA219C4B4}"
EndProject
Project("{8BC9CEB8-8B4A-11D0-8D11-00A0C91BC942}") = "RobotTester", "RobotTester\RobotTester.vcxproj", "{49BF4FAF-AB4B-4286-82F4-43CC9597AD31}"
	ProjectSection(ProjectDependencies) = postProject
		{F73C655E-1FBB-4811-A2B5-A5EFA219C4B4} = {F73C655E-1FBB-4811-A2B5-A5EFA219C4B4}
	EndProjectSection
EndProject
Project("{FAE04EC0-301F-11D3-BF4B-00C04F79EFBC}") = "CSEController", "CSEController\CSEController.csproj", "{70FD9E8A-D2AD-4BE4-B285-714CDBE10824}"
	ProjectSection(ProjectDependencies) = postProject
		{F73C655E-1FBB-4811-A2B5-A5EFA219C4B4} = {F73C655E-1FBB-4811-A2B5-A5EFA219C4B4}
	EndProjectSection
EndProject
Global
	GlobalSection(SolutionConfigurationPlatforms) = preSolution
		CLR-DLL-InterOP|Any CPU = CLR-DLL-InterOP|Any CPU
		CLR-DLL-InterOP|x64 = CLR-DLL-InterOP|x64
		Release|Any CPU = Release|Any CPU
		Release|x64 = Release|x64
	EndGlobalSection
	GlobalSection(ProjectConfigurationPlatforms) = postSolution
		{F73C655E-1FBB-4811-A2B5-A5EFA219C4B4}.CLR-DLL-InterOP|Any CPU.ActiveCfg = CLR-DLL-InterOP|x64
		{F73C655E-1FBB-4811-A2B5-A5EFA219C4B4}.CLR-DLL-InterOP|Any CPU.Build.0 = CLR-DLL-InterOP|x64
		{F73C655E-1FBB-4811-A2B5-A5EFA219C4B4}.CLR-DLL-InterOP|x64.ActiveCfg = CLR-DLL-InterOP|Win32
		{F73C655E-1FBB-4811-A2B5-A5EFA219C4B4}.CLR-DLL-InterOP|x64.Build.0 = CLR-DLL-InterOP|Win32
		{F73C655E-1FBB-4811-A2B5-A5EFA219C4B4}.Release|Any CPU.ActiveCfg = Release|Win32
		{F73C655E-1FBB-4811-A2B5-A5EFA219C4B4}.Release|x64.ActiveCfg = Release|x64
		{F73C655E-1FBB-4811-A2B5-A5EFA219C4B4}.Release|x64.Build.0 = Release|x64
		{49BF4FAF-AB4B-4286-82F4-43CC9597AD31}.CLR-DLL-InterOP|Any CPU.ActiveCfg = CLR-DLL-InterOP|x64
		{49BF4FAF-AB4B-4286-82F4-43CC9597AD31}.CLR-DLL-InterOP|x64.ActiveCfg = CLR-DLL-InterOP|x64
		{49BF4FAF-AB4B-4286-82F4-43CC9597AD31}.Release|Any CPU.ActiveCfg = Release|x64
		{49BF4FAF-AB4B-4286-82F4-43CC9597AD31}.Release|x64.ActiveCfg = Release|x64
		{49BF4FAF-AB4B-4286-82F4-43CC9597AD31}.Release|x64.Build.0 = Release|x64
		{70FD9E8A-D2AD-4BE4-B285-714CDBE10824}.CLR-DLL-InterOP|Any CPU.ActiveCfg = Release|Any CPU
		{70FD9E8A-D2AD-4BE4-B285-714CDBE10824}.CLR-DLL-InterOP|Any CPU.Build.0 = Release|Any CPU
		{70FD9E8A-D2AD-4BE4-B285-714CDBE10824}.CLR-DLL-InterOP|x64.ActiveCfg = Release|Any CPU
		{70FD9E8A-D2AD-4BE4-B285-714CDBE10824}.CLR-DLL-InterOP|x64.Build.0 = Release|Any CPU
		{70FD9E8A-D2AD-4BE4-B285-714CDBE10824}.Release|Any CPU.ActiveCfg = Release|Any CPU
		{70FD9E8A-D2AD-4BE4-B285-714CDBE10824}.Release|Any CPU.Build.0 = Release|Any CPU
		{70FD9E8A-D2AD-4BE4-B285-714CDBE10824}.Release|x64.ActiveCfg = Release|Any CPU
	EndGlobalSection
	GlobalSection(SolutionProperties) = preSolution
		HideSolutionNode = FALSE
	EndGlobalSection
	GlobalSection(ExtensibilityGlobals) = postSolution
		SolutionGuid = {BADC7F74-DE57-42C4-B967-DBC4283B36E1}
	EndGlobalSection
EndGlobal
