
Microsoft Visual Studio Solution File, Format Version 12.00
# Visual Studio 15
VisualStudioVersion = 15.0.26430.16
MinimumVisualStudioVersion = 10.0.40219.1
Project("{FAE04EC0-301F-11D3-BF4B-00C04F79EFBC}") = "vcMotionPlannerCSharp", "..\..\rosi.plugin.pathplanner\vcMotionPlannerC#\vcMotionPlannerCSharp\vcMotionPlannerCSharp\vcMotionPlannerCSharp.csproj", "{B7EBEA8F-65E0-4B46-8119-807B60C9C061}"
EndProject
Project("{FAE04EC0-301F-11D3-BF4B-00C04F79EFBC}") = "Rosi.Components.Sensors.LaserScanner", "..\..\rosi.components\Sensors\LaserScanner\Rosi.Components.Sensors.LaserScanner\Rosi.Components.Sensors.LaserScanner\Rosi.Components.Sensors.LaserScanner.csproj", "{A96BD465-7113-49E9-821E-DDCF93953675}"
EndProject
Project("{FAE04EC0-301F-11D3-BF4B-00C04F79EFBC}") = "SpeedAndSeparationMonitoring", "..\..\rosi.plugin.ssm\SpeedAndSeparationMonitoring\SpeedAndSeparationMonitoring.csproj", "{286ABC6B-26F5-444A-9B92-FF271CDDC7C5}"
EndProject
Project("{FAE04EC0-301F-11D3-BF4B-00C04F79EFBC}") = "SpeedAndSeparationMonitoringTest", "..\..\rosi.plugin.ssm\SpeedAndSeparationMonitoringTest\SpeedAndSeparationMonitoringTest.csproj", "{DB7216AC-336C-4B8C-AB60-90FD52D74FBB}"
EndProject
Project("{FAE04EC0-301F-11D3-BF4B-00C04F79EFBC}") = "RosiTools", "..\..\rosi.plugin.tools\RosiTools\RosiTools.csproj", "{A7E3E678-4217-45D9-A8C6-77C6BDB71D04}"
EndProject
Project("{FAE04EC0-301F-11D3-BF4B-00C04F79EFBC}") = "CustomController", "..\CustomController\CustomController\CustomController\CustomController.csproj", "{66D0CA69-2AC9-472C-9135-2063D944677B}"
EndProject
Project("{8BC9CEB8-8B4A-11D0-8D11-00A0C91BC942}") = "CustomRobot", "..\CustomController\CustomController\CustomRobot\CustomRobot.vcxproj", "{CD165505-F8BC-4B10-A6D5-E360C15B85A1}"
EndProject
Global
	GlobalSection(SolutionConfigurationPlatforms) = preSolution
		Debug|Any CPU = Debug|Any CPU
		Debug|x64 = Debug|x64
		Debug|x86 = Debug|x86
		Release|Any CPU = Release|Any CPU
		Release|x64 = Release|x64
		Release|x86 = Release|x86
		TrajectoryTest|Any CPU = TrajectoryTest|Any CPU
		TrajectoryTest|x64 = TrajectoryTest|x64
		TrajectoryTest|x86 = TrajectoryTest|x86
	EndGlobalSection
	GlobalSection(ProjectConfigurationPlatforms) = postSolution
		{B7EBEA8F-65E0-4B46-8119-807B60C9C061}.Debug|Any CPU.ActiveCfg = Debug|Any CPU
		{B7EBEA8F-65E0-4B46-8119-807B60C9C061}.Debug|Any CPU.Build.0 = Debug|Any CPU
		{B7EBEA8F-65E0-4B46-8119-807B60C9C061}.Debug|x64.ActiveCfg = Debug|x64
		{B7EBEA8F-65E0-4B46-8119-807B60C9C061}.Debug|x64.Build.0 = Debug|x64
		{B7EBEA8F-65E0-4B46-8119-807B60C9C061}.Debug|x86.ActiveCfg = Debug|Any CPU
		{B7EBEA8F-65E0-4B46-8119-807B60C9C061}.Debug|x86.Build.0 = Debug|Any CPU
		{B7EBEA8F-65E0-4B46-8119-807B60C9C061}.Release|Any CPU.ActiveCfg = Release|x64
		{B7EBEA8F-65E0-4B46-8119-807B60C9C061}.Release|Any CPU.Build.0 = Release|x64
		{B7EBEA8F-65E0-4B46-8119-807B60C9C061}.Release|x64.ActiveCfg = Release|x64
		{B7EBEA8F-65E0-4B46-8119-807B60C9C061}.Release|x64.Build.0 = Release|x64
		{B7EBEA8F-65E0-4B46-8119-807B60C9C061}.Release|x86.ActiveCfg = Release|Any CPU
		{B7EBEA8F-65E0-4B46-8119-807B60C9C061}.Release|x86.Build.0 = Release|Any CPU
		{B7EBEA8F-65E0-4B46-8119-807B60C9C061}.TrajectoryTest|Any CPU.ActiveCfg = Release|Any CPU
		{B7EBEA8F-65E0-4B46-8119-807B60C9C061}.TrajectoryTest|Any CPU.Build.0 = Release|Any CPU
		{B7EBEA8F-65E0-4B46-8119-807B60C9C061}.TrajectoryTest|x64.ActiveCfg = Release|x64
		{B7EBEA8F-65E0-4B46-8119-807B60C9C061}.TrajectoryTest|x64.Build.0 = Release|x64
		{B7EBEA8F-65E0-4B46-8119-807B60C9C061}.TrajectoryTest|x86.ActiveCfg = Release|Any CPU
		{B7EBEA8F-65E0-4B46-8119-807B60C9C061}.TrajectoryTest|x86.Build.0 = Release|Any CPU
		{A96BD465-7113-49E9-821E-DDCF93953675}.Debug|Any CPU.ActiveCfg = Debug|Any CPU
		{A96BD465-7113-49E9-821E-DDCF93953675}.Debug|Any CPU.Build.0 = Debug|Any CPU
		{A96BD465-7113-49E9-821E-DDCF93953675}.Debug|x64.ActiveCfg = Debug|Any CPU
		{A96BD465-7113-49E9-821E-DDCF93953675}.Debug|x64.Build.0 = Debug|Any CPU
		{A96BD465-7113-49E9-821E-DDCF93953675}.Debug|x86.ActiveCfg = Debug|Any CPU
		{A96BD465-7113-49E9-821E-DDCF93953675}.Debug|x86.Build.0 = Debug|Any CPU
		{A96BD465-7113-49E9-821E-DDCF93953675}.Release|Any CPU.ActiveCfg = Release|Any CPU
		{A96BD465-7113-49E9-821E-DDCF93953675}.Release|Any CPU.Build.0 = Release|Any CPU
		{A96BD465-7113-49E9-821E-DDCF93953675}.Release|x64.ActiveCfg = Release|Any CPU
		{A96BD465-7113-49E9-821E-DDCF93953675}.Release|x64.Build.0 = Release|Any CPU
		{A96BD465-7113-49E9-821E-DDCF93953675}.Release|x86.ActiveCfg = Release|Any CPU
		{A96BD465-7113-49E9-821E-DDCF93953675}.Release|x86.Build.0 = Release|Any CPU
		{A96BD465-7113-49E9-821E-DDCF93953675}.TrajectoryTest|Any CPU.ActiveCfg = Release|Any CPU
		{A96BD465-7113-49E9-821E-DDCF93953675}.TrajectoryTest|Any CPU.Build.0 = Release|Any CPU
		{A96BD465-7113-49E9-821E-DDCF93953675}.TrajectoryTest|x64.ActiveCfg = Release|Any CPU
		{A96BD465-7113-49E9-821E-DDCF93953675}.TrajectoryTest|x64.Build.0 = Release|Any CPU
		{A96BD465-7113-49E9-821E-DDCF93953675}.TrajectoryTest|x86.ActiveCfg = Release|Any CPU
		{A96BD465-7113-49E9-821E-DDCF93953675}.TrajectoryTest|x86.Build.0 = Release|Any CPU
		{286ABC6B-26F5-444A-9B92-FF271CDDC7C5}.Debug|Any CPU.ActiveCfg = Debug|Any CPU
		{286ABC6B-26F5-444A-9B92-FF271CDDC7C5}.Debug|Any CPU.Build.0 = Debug|Any CPU
		{286ABC6B-26F5-444A-9B92-FF271CDDC7C5}.Debug|x64.ActiveCfg = Debug|Any CPU
		{286ABC6B-26F5-444A-9B92-FF271CDDC7C5}.Debug|x64.Build.0 = Debug|Any CPU
		{286ABC6B-26F5-444A-9B92-FF271CDDC7C5}.Debug|x86.ActiveCfg = Debug|Any CPU
		{286ABC6B-26F5-444A-9B92-FF271CDDC7C5}.Debug|x86.Build.0 = Debug|Any CPU
		{286ABC6B-26F5-444A-9B92-FF271CDDC7C5}.Release|Any CPU.ActiveCfg = Release|Any CPU
		{286ABC6B-26F5-444A-9B92-FF271CDDC7C5}.Release|Any CPU.Build.0 = Release|Any CPU
		{286ABC6B-26F5-444A-9B92-FF271CDDC7C5}.Release|x64.ActiveCfg = Release|Any CPU
		{286ABC6B-26F5-444A-9B92-FF271CDDC7C5}.Release|x64.Build.0 = Release|Any CPU
		{286ABC6B-26F5-444A-9B92-FF271CDDC7C5}.Release|x86.ActiveCfg = Release|Any CPU
		{286ABC6B-26F5-444A-9B92-FF271CDDC7C5}.Release|x86.Build.0 = Release|Any CPU
		{286ABC6B-26F5-444A-9B92-FF271CDDC7C5}.TrajectoryTest|Any CPU.ActiveCfg = Release|Any CPU
		{286ABC6B-26F5-444A-9B92-FF271CDDC7C5}.TrajectoryTest|Any CPU.Build.0 = Release|Any CPU
		{286ABC6B-26F5-444A-9B92-FF271CDDC7C5}.TrajectoryTest|x64.ActiveCfg = Release|Any CPU
		{286ABC6B-26F5-444A-9B92-FF271CDDC7C5}.TrajectoryTest|x64.Build.0 = Release|Any CPU
		{286ABC6B-26F5-444A-9B92-FF271CDDC7C5}.TrajectoryTest|x86.ActiveCfg = Release|Any CPU
		{286ABC6B-26F5-444A-9B92-FF271CDDC7C5}.TrajectoryTest|x86.Build.0 = Release|Any CPU
		{DB7216AC-336C-4B8C-AB60-90FD52D74FBB}.Debug|Any CPU.ActiveCfg = Debug|Any CPU
		{DB7216AC-336C-4B8C-AB60-90FD52D74FBB}.Debug|Any CPU.Build.0 = Debug|Any CPU
		{DB7216AC-336C-4B8C-AB60-90FD52D74FBB}.Debug|x64.ActiveCfg = Debug|Any CPU
		{DB7216AC-336C-4B8C-AB60-90FD52D74FBB}.Debug|x64.Build.0 = Debug|Any CPU
		{DB7216AC-336C-4B8C-AB60-90FD52D74FBB}.Debug|x86.ActiveCfg = Debug|Any CPU
		{DB7216AC-336C-4B8C-AB60-90FD52D74FBB}.Debug|x86.Build.0 = Debug|Any CPU
		{DB7216AC-336C-4B8C-AB60-90FD52D74FBB}.Release|Any CPU.ActiveCfg = Release|Any CPU
		{DB7216AC-336C-4B8C-AB60-90FD52D74FBB}.Release|Any CPU.Build.0 = Release|Any CPU
		{DB7216AC-336C-4B8C-AB60-90FD52D74FBB}.Release|x64.ActiveCfg = Release|Any CPU
		{DB7216AC-336C-4B8C-AB60-90FD52D74FBB}.Release|x64.Build.0 = Release|Any CPU
		{DB7216AC-336C-4B8C-AB60-90FD52D74FBB}.Release|x86.ActiveCfg = Release|Any CPU
		{DB7216AC-336C-4B8C-AB60-90FD52D74FBB}.Release|x86.Build.0 = Release|Any CPU
		{DB7216AC-336C-4B8C-AB60-90FD52D74FBB}.TrajectoryTest|Any CPU.ActiveCfg = Release|Any CPU
		{DB7216AC-336C-4B8C-AB60-90FD52D74FBB}.TrajectoryTest|Any CPU.Build.0 = Release|Any CPU
		{DB7216AC-336C-4B8C-AB60-90FD52D74FBB}.TrajectoryTest|x64.ActiveCfg = Release|Any CPU
		{DB7216AC-336C-4B8C-AB60-90FD52D74FBB}.TrajectoryTest|x64.Build.0 = Release|Any CPU
		{DB7216AC-336C-4B8C-AB60-90FD52D74FBB}.TrajectoryTest|x86.ActiveCfg = Release|Any CPU
		{DB7216AC-336C-4B8C-AB60-90FD52D74FBB}.TrajectoryTest|x86.Build.0 = Release|Any CPU
		{A7E3E678-4217-45D9-A8C6-77C6BDB71D04}.Debug|Any CPU.ActiveCfg = Debug|Any CPU
		{A7E3E678-4217-45D9-A8C6-77C6BDB71D04}.Debug|Any CPU.Build.0 = Debug|Any CPU
		{A7E3E678-4217-45D9-A8C6-77C6BDB71D04}.Debug|x64.ActiveCfg = Debug|Any CPU
		{A7E3E678-4217-45D9-A8C6-77C6BDB71D04}.Debug|x64.Build.0 = Debug|Any CPU
		{A7E3E678-4217-45D9-A8C6-77C6BDB71D04}.Debug|x86.ActiveCfg = Debug|Any CPU
		{A7E3E678-4217-45D9-A8C6-77C6BDB71D04}.Debug|x86.Build.0 = Debug|Any CPU
		{A7E3E678-4217-45D9-A8C6-77C6BDB71D04}.Release|Any CPU.ActiveCfg = Release|Any CPU
		{A7E3E678-4217-45D9-A8C6-77C6BDB71D04}.Release|Any CPU.Build.0 = Release|Any CPU
		{A7E3E678-4217-45D9-A8C6-77C6BDB71D04}.Release|x64.ActiveCfg = Release|Any CPU
		{A7E3E678-4217-45D9-A8C6-77C6BDB71D04}.Release|x64.Build.0 = Release|Any CPU
		{A7E3E678-4217-45D9-A8C6-77C6BDB71D04}.Release|x86.ActiveCfg = Release|Any CPU
		{A7E3E678-4217-45D9-A8C6-77C6BDB71D04}.Release|x86.Build.0 = Release|Any CPU
		{A7E3E678-4217-45D9-A8C6-77C6BDB71D04}.TrajectoryTest|Any CPU.ActiveCfg = TrajectoryTest|Any CPU
		{A7E3E678-4217-45D9-A8C6-77C6BDB71D04}.TrajectoryTest|Any CPU.Build.0 = TrajectoryTest|Any CPU
		{A7E3E678-4217-45D9-A8C6-77C6BDB71D04}.TrajectoryTest|x64.ActiveCfg = TrajectoryTest|Any CPU
		{A7E3E678-4217-45D9-A8C6-77C6BDB71D04}.TrajectoryTest|x64.Build.0 = TrajectoryTest|Any CPU
		{A7E3E678-4217-45D9-A8C6-77C6BDB71D04}.TrajectoryTest|x86.ActiveCfg = TrajectoryTest|Any CPU
		{A7E3E678-4217-45D9-A8C6-77C6BDB71D04}.TrajectoryTest|x86.Build.0 = TrajectoryTest|Any CPU
		{66D0CA69-2AC9-472C-9135-2063D944677B}.Debug|Any CPU.ActiveCfg = Debug|Any CPU
		{66D0CA69-2AC9-472C-9135-2063D944677B}.Debug|Any CPU.Build.0 = Debug|Any CPU
		{66D0CA69-2AC9-472C-9135-2063D944677B}.Debug|x64.ActiveCfg = Debug|Any CPU
		{66D0CA69-2AC9-472C-9135-2063D944677B}.Debug|x64.Build.0 = Debug|Any CPU
		{66D0CA69-2AC9-472C-9135-2063D944677B}.Debug|x86.ActiveCfg = Debug|Any CPU
		{66D0CA69-2AC9-472C-9135-2063D944677B}.Debug|x86.Build.0 = Debug|Any CPU
		{66D0CA69-2AC9-472C-9135-2063D944677B}.Release|Any CPU.ActiveCfg = Release|Any CPU
		{66D0CA69-2AC9-472C-9135-2063D944677B}.Release|Any CPU.Build.0 = Release|Any CPU
		{66D0CA69-2AC9-472C-9135-2063D944677B}.Release|x64.ActiveCfg = Release|Any CPU
		{66D0CA69-2AC9-472C-9135-2063D944677B}.Release|x64.Build.0 = Release|Any CPU
		{66D0CA69-2AC9-472C-9135-2063D944677B}.Release|x86.ActiveCfg = Release|Any CPU
		{66D0CA69-2AC9-472C-9135-2063D944677B}.Release|x86.Build.0 = Release|Any CPU
		{66D0CA69-2AC9-472C-9135-2063D944677B}.TrajectoryTest|Any CPU.ActiveCfg = TrajectoryTest|Any CPU
		{66D0CA69-2AC9-472C-9135-2063D944677B}.TrajectoryTest|Any CPU.Build.0 = TrajectoryTest|Any CPU
		{66D0CA69-2AC9-472C-9135-2063D944677B}.TrajectoryTest|x64.ActiveCfg = TrajectoryTest|Any CPU
		{66D0CA69-2AC9-472C-9135-2063D944677B}.TrajectoryTest|x64.Build.0 = TrajectoryTest|Any CPU
		{66D0CA69-2AC9-472C-9135-2063D944677B}.TrajectoryTest|x86.ActiveCfg = TrajectoryTest|Any CPU
		{66D0CA69-2AC9-472C-9135-2063D944677B}.TrajectoryTest|x86.Build.0 = TrajectoryTest|Any CPU
		{CD165505-F8BC-4B10-A6D5-E360C15B85A1}.Debug|Any CPU.ActiveCfg = Debug|Win32
		{CD165505-F8BC-4B10-A6D5-E360C15B85A1}.Debug|x64.ActiveCfg = Debug|x64
		{CD165505-F8BC-4B10-A6D5-E360C15B85A1}.Debug|x64.Build.0 = Debug|x64
		{CD165505-F8BC-4B10-A6D5-E360C15B85A1}.Debug|x86.ActiveCfg = Debug|Win32
		{CD165505-F8BC-4B10-A6D5-E360C15B85A1}.Debug|x86.Build.0 = Debug|Win32
		{CD165505-F8BC-4B10-A6D5-E360C15B85A1}.Release|Any CPU.ActiveCfg = Release|Win32
		{CD165505-F8BC-4B10-A6D5-E360C15B85A1}.Release|x64.ActiveCfg = Release|x64
		{CD165505-F8BC-4B10-A6D5-E360C15B85A1}.Release|x64.Build.0 = Release|x64
		{CD165505-F8BC-4B10-A6D5-E360C15B85A1}.Release|x86.ActiveCfg = Release|Win32
		{CD165505-F8BC-4B10-A6D5-E360C15B85A1}.Release|x86.Build.0 = Release|Win32
		{CD165505-F8BC-4B10-A6D5-E360C15B85A1}.TrajectoryTest|Any CPU.ActiveCfg = TrajectoryTest|Win32
		{CD165505-F8BC-4B10-A6D5-E360C15B85A1}.TrajectoryTest|x64.ActiveCfg = TrajectoryTest|x64
		{CD165505-F8BC-4B10-A6D5-E360C15B85A1}.TrajectoryTest|x64.Build.0 = TrajectoryTest|x64
		{CD165505-F8BC-4B10-A6D5-E360C15B85A1}.TrajectoryTest|x86.ActiveCfg = TrajectoryTest|Win32
		{CD165505-F8BC-4B10-A6D5-E360C15B85A1}.TrajectoryTest|x86.Build.0 = TrajectoryTest|Win32
	EndGlobalSection
	GlobalSection(SolutionProperties) = preSolution
		HideSolutionNode = FALSE
	EndGlobalSection
	GlobalSection(ExtensibilityGlobals) = postSolution
		SolutionGuid = {DD92E60D-A94B-4373-9C48-F71FD44208A9}
	EndGlobalSection
EndGlobal
